
Microsoft Visual Studio Solution File, Format Version 12.00
# Visual Studio Version 17
VisualStudioVersion = 17.5.002.0
MinimumVisualStudioVersion = 10.0.40219.1
Project("{9A19103F-16F7-4668-BE54-9A1E7A4F7556}") = "CLIAppsSample", "CLIAppsSample.csproj", "{F660A86C-26B1-4958-B7D8-A117E5FA82D5}"
EndProject
Global
	GlobalSection(SolutionConfigurationPlatforms) = preSolution
		Debug|Any CPU = Debug|Any CPU
		Release|Any CPU = Release|Any CPU
	EndGlobalSection
	GlobalSection(ProjectConfigurationPlatforms) = postSolution
		{F660A86C-26B1-4958-B7D8-A117E5FA82D5}.Debug|Any CPU.ActiveCfg = Debug|Any CPU
		{F660A86C-26B1-4958-B7D8-A117E5FA82D5}.Debug|Any CPU.Build.0 = Debug|Any CPU
		{F660A86C-26B1-4958-B7D8-A117E5FA82D5}.Release|Any CPU.ActiveCfg = Release|Any CPU
		{F660A86C-26B1-4958-B7D8-A117E5FA82D5}.Release|Any CPU.Build.0 = Release|Any CPU
	EndGlobalSection
	GlobalSection(SolutionProperties) = preSolution
		HideSolutionNode = FALSE
	EndGlobalSection
	GlobalSection(ExtensibilityGlobals) = postSolution
		SolutionGuid = {1813A15B-4163-4AA5-8053-D4E6F572E941}
	EndGlobalSection
EndGlobal
